
Microsoft Visual Studio Solution File, Format Version 12.00
# Visual Studio Version 17
VisualStudioVersion = 17.5.33424.131
MinimumVisualStudioVersion = 10.0.40219.1
Project("{FAE04EC0-301F-11D3-BF4B-00C04F79EFBC}") = "LetterOfOffer", "LetterOfOffer.csproj", "{5CE894C4-C92D-4B9B-8367-6C0875F6A26D}"
EndProject
Project("{54435603-DBB4-11D2-8724-00A0C9A8B90C}") = "LoO", "..\LoO\LoO.vdproj", "{0FBFAE96-1CD9-4629-9BC6-946D68BF735C}"
EndProject
Global
	GlobalSection(SolutionConfigurationPlatforms) = preSolution
		Debug|Any CPU = Debug|Any CPU
		Release|Any CPU = Release|Any CPU
	EndGlobalSection
	GlobalSection(ProjectConfigurationPlatforms) = postSolution
		{5CE894C4-C92D-4B9B-8367-6C0875F6A26D}.Debug|Any CPU.ActiveCfg = Debug|Any CPU
		{5CE894C4-C92D-4B9B-8367-6C0875F6A26D}.Debug|Any CPU.Build.0 = Debug|Any CPU
		{5CE894C4-C92D-4B9B-8367-6C0875F6A26D}.Release|Any CPU.ActiveCfg = Release|Any CPU
		{5CE894C4-C92D-4B9B-8367-6C0875F6A26D}.Release|Any CPU.Build.0 = Release|Any CPU
		{0FBFAE96-1CD9-4629-9BC6-946D68BF735C}.Debug|Any CPU.ActiveCfg = Debug
		{0FBFAE96-1CD9-4629-9BC6-946D68BF735C}.Debug|Any CPU.Build.0 = Debug
		{0FBFAE96-1CD9-4629-9BC6-946D68BF735C}.Release|Any CPU.ActiveCfg = Release
		{0FBFAE96-1CD9-4629-9BC6-946D68BF735C}.Release|Any CPU.Build.0 = Release
	EndGlobalSection
	GlobalSection(SolutionProperties) = preSolution
		HideSolutionNode = FALSE
	EndGlobalSection
	GlobalSection(ExtensibilityGlobals) = postSolution
		SolutionGuid = {51F229CD-CD48-4312-B4BB-628004528A41}
	EndGlobalSection
EndGlobal
